
Microsoft Visual Studio Solution File, Format Version 12.00
# Visual Studio Version 16
VisualStudioVersion = 16.0.31605.320
MinimumVisualStudioVersion = 10.0.40219.1
Project("{9A19103F-16F7-4668-BE54-9A1E7A4F7556}") = "HelloWorld", "HelloWorld.csproj", "{CD97ED90-8BCF-4C2F-ACD3-56B5FC09FE24}"
EndProject
Global
	GlobalSection(SolutionConfigurationPlatforms) = preSolution
		Debug|Any CPU = Debug|Any CPU
		Release|Any CPU = Release|Any CPU
	EndGlobalSection
	GlobalSection(ProjectConfigurationPlatforms) = postSolution
		{CD97ED90-8BCF-4C2F-ACD3-56B5FC09FE24}.Debug|Any CPU.ActiveCfg = Debug|Any CPU
		{CD97ED90-8BCF-4C2F-ACD3-56B5FC09FE24}.Debug|Any CPU.Build.0 = Debug|Any CPU
		{CD97ED90-8BCF-4C2F-ACD3-56B5FC09FE24}.Release|Any CPU.ActiveCfg = Release|Any CPU
		{CD97ED90-8BCF-4C2F-ACD3-56B5FC09FE24}.Release|Any CPU.Build.0 = Release|Any CPU
	EndGlobalSection
	GlobalSection(SolutionProperties) = preSolution
		HideSolutionNode = FALSE
	EndGlobalSection
	GlobalSection(ExtensibilityGlobals) = postSolution
		SolutionGuid = {0569F643-C58A-44D1-A196-9589F239E060}
	EndGlobalSection
EndGlobal
